
Microsoft Visual Studio Solution File, Format Version 12.00
# Visual Studio Version 17
VisualStudioVersion = 17.0.31903.59
MinimumVisualStudioVersion = 10.0.40219.1
Project("{2150E333-8FDC-42A3-9474-1A3956D46DE8}") = "src", "src", "{926DE9FD-2C39-4E20-9C53-DF0E3FF1B9F4}"
EndProject
Project("{FAE04EC0-301F-11D3-BF4B-00C04F79EFBC}") = "Application", "src\Application\Application.csproj", "{3422C9FB-0B42-4E38-ABE2-F0CAD6B299A5}"
EndProject
Project("{FAE04EC0-301F-11D3-BF4B-00C04F79EFBC}") = "Domain", "src\Domain\Domain.csproj", "{D96BC439-B71D-4A91-80E8-1F966FBE2A6E}"
EndProject
Project("{FAE04EC0-301F-11D3-BF4B-00C04F79EFBC}") = "Infrastructure", "src\Infrastructure\Infrastructure.csproj", "{49C36E3C-377C-4FB4-9D53-E92B93F96B1D}"
EndProject
Project("{FAE04EC0-301F-11D3-BF4B-00C04F79EFBC}") = "WebApi", "src\WebApi\WebApi.csproj", "{E21507F9-A3DF-4209-B736-DA670E7CF4A1}"
EndProject
Project("{2150E333-8FDC-42A3-9474-1A3956D46DE8}") = "solution files", "solution files", "{2CDC2F17-6183-41A5-BDD3-713C9DE683AE}"
	ProjectSection(SolutionItems) = preProject
		diagrams\domain.md = diagrams\domain.md
		diagrams\components.md = diagrams\components.md
	EndProjectSection
EndProject
Project("{FAE04EC0-301F-11D3-BF4B-00C04F79EFBC}") = "Validator", "src\Validator\Validator.csproj", "{2FC68587-C622-439F-9E3C-AE8ADF9DC997}"
EndProject
Project("{FAE04EC0-301F-11D3-BF4B-00C04F79EFBC}") = "Encryptor", "src\Encryptor\Encryptor.csproj", "{8CEAD4E1-17CB-459A-9FFD-F0D9F8013573}"
EndProject
Project("{2150E333-8FDC-42A3-9474-1A3956D46DE8}") = "Presentation", "Presentation", "{ACD63D41-282C-477D-AF1D-DB063938EC62}"
EndProject
Project("{2150E333-8FDC-42A3-9474-1A3956D46DE8}") = "tests", "tests", "{C5F3D4DA-BB97-4DC8-BF45-7EF44CB507BD}"
EndProject
Project("{2150E333-8FDC-42A3-9474-1A3956D46DE8}") = "UnitTests", "UnitTests", "{BC89103C-DEF6-429C-9B02-06132C058FF3}"
EndProject
Project("{FAE04EC0-301F-11D3-BF4B-00C04F79EFBC}") = "EncryptSecretProject.UnitTests", "tests\EncryptSecretProject.UnitTests\EncryptSecretProject.UnitTests.csproj", "{28A17FE0-880A-443B-AE2C-140133E1EF29}"
EndProject
Project("{FAE04EC0-301F-11D3-BF4B-00C04F79EFBC}") = "EncryptStreamProject.AppHost", "src\EncryptStreamProject.AppHost\EncryptStreamProject.AppHost.csproj", "{C9A51254-49C6-4AED-B60D-8AD28F3B09FD}"
EndProject
Project("{FAE04EC0-301F-11D3-BF4B-00C04F79EFBC}") = "EncryptStreamProject.ServiceDefaults", "src\EncryptStreamProject.ServiceDefaults\EncryptStreamProject.ServiceDefaults.csproj", "{8CB999D6-F723-4B21-AF49-1142A0FDF40A}"
EndProject
Global
	GlobalSection(SolutionConfigurationPlatforms) = preSolution
		Debug|Any CPU = Debug|Any CPU
		Debug|x64 = Debug|x64
		Debug|x86 = Debug|x86
		Release|Any CPU = Release|Any CPU
		Release|x64 = Release|x64
		Release|x86 = Release|x86
	EndGlobalSection
	GlobalSection(ProjectConfigurationPlatforms) = postSolution
		{3422C9FB-0B42-4E38-ABE2-F0CAD6B299A5}.Debug|Any CPU.ActiveCfg = Debug|Any CPU
		{3422C9FB-0B42-4E38-ABE2-F0CAD6B299A5}.Debug|Any CPU.Build.0 = Debug|Any CPU
		{3422C9FB-0B42-4E38-ABE2-F0CAD6B299A5}.Debug|x64.ActiveCfg = Debug|Any CPU
		{3422C9FB-0B42-4E38-ABE2-F0CAD6B299A5}.Debug|x64.Build.0 = Debug|Any CPU
		{3422C9FB-0B42-4E38-ABE2-F0CAD6B299A5}.Debug|x86.ActiveCfg = Debug|Any CPU
		{3422C9FB-0B42-4E38-ABE2-F0CAD6B299A5}.Debug|x86.Build.0 = Debug|Any CPU
		{3422C9FB-0B42-4E38-ABE2-F0CAD6B299A5}.Release|Any CPU.ActiveCfg = Release|Any CPU
		{3422C9FB-0B42-4E38-ABE2-F0CAD6B299A5}.Release|Any CPU.Build.0 = Release|Any CPU
		{3422C9FB-0B42-4E38-ABE2-F0CAD6B299A5}.Release|x64.ActiveCfg = Release|Any CPU
		{3422C9FB-0B42-4E38-ABE2-F0CAD6B299A5}.Release|x64.Build.0 = Release|Any CPU
		{3422C9FB-0B42-4E38-ABE2-F0CAD6B299A5}.Release|x86.ActiveCfg = Release|Any CPU
		{3422C9FB-0B42-4E38-ABE2-F0CAD6B299A5}.Release|x86.Build.0 = Release|Any CPU
		{D96BC439-B71D-4A91-80E8-1F966FBE2A6E}.Debug|Any CPU.ActiveCfg = Debug|Any CPU
		{D96BC439-B71D-4A91-80E8-1F966FBE2A6E}.Debug|Any CPU.Build.0 = Debug|Any CPU
		{D96BC439-B71D-4A91-80E8-1F966FBE2A6E}.Debug|x64.ActiveCfg = Debug|Any CPU
		{D96BC439-B71D-4A91-80E8-1F966FBE2A6E}.Debug|x64.Build.0 = Debug|Any CPU
		{D96BC439-B71D-4A91-80E8-1F966FBE2A6E}.Debug|x86.ActiveCfg = Debug|Any CPU
		{D96BC439-B71D-4A91-80E8-1F966FBE2A6E}.Debug|x86.Build.0 = Debug|Any CPU
		{D96BC439-B71D-4A91-80E8-1F966FBE2A6E}.Release|Any CPU.ActiveCfg = Release|Any CPU
		{D96BC439-B71D-4A91-80E8-1F966FBE2A6E}.Release|Any CPU.Build.0 = Release|Any CPU
		{D96BC439-B71D-4A91-80E8-1F966FBE2A6E}.Release|x64.ActiveCfg = Release|Any CPU
		{D96BC439-B71D-4A91-80E8-1F966FBE2A6E}.Release|x64.Build.0 = Release|Any CPU
		{D96BC439-B71D-4A91-80E8-1F966FBE2A6E}.Release|x86.ActiveCfg = Release|Any CPU
		{D96BC439-B71D-4A91-80E8-1F966FBE2A6E}.Release|x86.Build.0 = Release|Any CPU
		{49C36E3C-377C-4FB4-9D53-E92B93F96B1D}.Debug|Any CPU.ActiveCfg = Debug|Any CPU
		{49C36E3C-377C-4FB4-9D53-E92B93F96B1D}.Debug|Any CPU.Build.0 = Debug|Any CPU
		{49C36E3C-377C-4FB4-9D53-E92B93F96B1D}.Debug|x64.ActiveCfg = Debug|Any CPU
		{49C36E3C-377C-4FB4-9D53-E92B93F96B1D}.Debug|x64.Build.0 = Debug|Any CPU
		{49C36E3C-377C-4FB4-9D53-E92B93F96B1D}.Debug|x86.ActiveCfg = Debug|Any CPU
		{49C36E3C-377C-4FB4-9D53-E92B93F96B1D}.Debug|x86.Build.0 = Debug|Any CPU
		{49C36E3C-377C-4FB4-9D53-E92B93F96B1D}.Release|Any CPU.ActiveCfg = Release|Any CPU
		{49C36E3C-377C-4FB4-9D53-E92B93F96B1D}.Release|Any CPU.Build.0 = Release|Any CPU
		{49C36E3C-377C-4FB4-9D53-E92B93F96B1D}.Release|x64.ActiveCfg = Release|Any CPU
		{49C36E3C-377C-4FB4-9D53-E92B93F96B1D}.Release|x64.Build.0 = Release|Any CPU
		{49C36E3C-377C-4FB4-9D53-E92B93F96B1D}.Release|x86.ActiveCfg = Release|Any CPU
		{49C36E3C-377C-4FB4-9D53-E92B93F96B1D}.Release|x86.Build.0 = Release|Any CPU
		{E21507F9-A3DF-4209-B736-DA670E7CF4A1}.Debug|Any CPU.ActiveCfg = Debug|Any CPU
		{E21507F9-A3DF-4209-B736-DA670E7CF4A1}.Debug|Any CPU.Build.0 = Debug|Any CPU
		{E21507F9-A3DF-4209-B736-DA670E7CF4A1}.Debug|x64.ActiveCfg = Debug|Any CPU
		{E21507F9-A3DF-4209-B736-DA670E7CF4A1}.Debug|x64.Build.0 = Debug|Any CPU
		{E21507F9-A3DF-4209-B736-DA670E7CF4A1}.Debug|x86.ActiveCfg = Debug|Any CPU
		{E21507F9-A3DF-4209-B736-DA670E7CF4A1}.Debug|x86.Build.0 = Debug|Any CPU
		{E21507F9-A3DF-4209-B736-DA670E7CF4A1}.Release|Any CPU.ActiveCfg = Release|Any CPU
		{E21507F9-A3DF-4209-B736-DA670E7CF4A1}.Release|Any CPU.Build.0 = Release|Any CPU
		{E21507F9-A3DF-4209-B736-DA670E7CF4A1}.Release|x64.ActiveCfg = Release|Any CPU
		{E21507F9-A3DF-4209-B736-DA670E7CF4A1}.Release|x64.Build.0 = Release|Any CPU
		{E21507F9-A3DF-4209-B736-DA670E7CF4A1}.Release|x86.ActiveCfg = Release|Any CPU
		{E21507F9-A3DF-4209-B736-DA670E7CF4A1}.Release|x86.Build.0 = Release|Any CPU
		{2FC68587-C622-439F-9E3C-AE8ADF9DC997}.Debug|Any CPU.ActiveCfg = Debug|Any CPU
		{2FC68587-C622-439F-9E3C-AE8ADF9DC997}.Debug|Any CPU.Build.0 = Debug|Any CPU
		{2FC68587-C622-439F-9E3C-AE8ADF9DC997}.Debug|x64.ActiveCfg = Debug|Any CPU
		{2FC68587-C622-439F-9E3C-AE8ADF9DC997}.Debug|x64.Build.0 = Debug|Any CPU
		{2FC68587-C622-439F-9E3C-AE8ADF9DC997}.Debug|x86.ActiveCfg = Debug|Any CPU
		{2FC68587-C622-439F-9E3C-AE8ADF9DC997}.Debug|x86.Build.0 = Debug|Any CPU
		{2FC68587-C622-439F-9E3C-AE8ADF9DC997}.Release|Any CPU.ActiveCfg = Release|Any CPU
		{2FC68587-C622-439F-9E3C-AE8ADF9DC997}.Release|Any CPU.Build.0 = Release|Any CPU
		{2FC68587-C622-439F-9E3C-AE8ADF9DC997}.Release|x64.ActiveCfg = Release|Any CPU
		{2FC68587-C622-439F-9E3C-AE8ADF9DC997}.Release|x64.Build.0 = Release|Any CPU
		{2FC68587-C622-439F-9E3C-AE8ADF9DC997}.Release|x86.ActiveCfg = Release|Any CPU
		{2FC68587-C622-439F-9E3C-AE8ADF9DC997}.Release|x86.Build.0 = Release|Any CPU
		{8CEAD4E1-17CB-459A-9FFD-F0D9F8013573}.Debug|Any CPU.ActiveCfg = Debug|Any CPU
		{8CEAD4E1-17CB-459A-9FFD-F0D9F8013573}.Debug|Any CPU.Build.0 = Debug|Any CPU
		{8CEAD4E1-17CB-459A-9FFD-F0D9F8013573}.Debug|x64.ActiveCfg = Debug|Any CPU
		{8CEAD4E1-17CB-459A-9FFD-F0D9F8013573}.Debug|x64.Build.0 = Debug|Any CPU
		{8CEAD4E1-17CB-459A-9FFD-F0D9F8013573}.Debug|x86.ActiveCfg = Debug|Any CPU
		{8CEAD4E1-17CB-459A-9FFD-F0D9F8013573}.Debug|x86.Build.0 = Debug|Any CPU
		{8CEAD4E1-17CB-459A-9FFD-F0D9F8013573}.Release|Any CPU.ActiveCfg = Release|Any CPU
		{8CEAD4E1-17CB-459A-9FFD-F0D9F8013573}.Release|Any CPU.Build.0 = Release|Any CPU
		{8CEAD4E1-17CB-459A-9FFD-F0D9F8013573}.Release|x64.ActiveCfg = Release|Any CPU
		{8CEAD4E1-17CB-459A-9FFD-F0D9F8013573}.Release|x64.Build.0 = Release|Any CPU
		{8CEAD4E1-17CB-459A-9FFD-F0D9F8013573}.Release|x86.ActiveCfg = Release|Any CPU
		{8CEAD4E1-17CB-459A-9FFD-F0D9F8013573}.Release|x86.Build.0 = Release|Any CPU
		{28A17FE0-880A-443B-AE2C-140133E1EF29}.Debug|Any CPU.ActiveCfg = Debug|Any CPU
		{28A17FE0-880A-443B-AE2C-140133E1EF29}.Debug|Any CPU.Build.0 = Debug|Any CPU
		{28A17FE0-880A-443B-AE2C-140133E1EF29}.Debug|x64.ActiveCfg = Debug|Any CPU
		{28A17FE0-880A-443B-AE2C-140133E1EF29}.Debug|x64.Build.0 = Debug|Any CPU
		{28A17FE0-880A-443B-AE2C-140133E1EF29}.Debug|x86.ActiveCfg = Debug|Any CPU
		{28A17FE0-880A-443B-AE2C-140133E1EF29}.Debug|x86.Build.0 = Debug|Any CPU
		{28A17FE0-880A-443B-AE2C-140133E1EF29}.Release|Any CPU.ActiveCfg = Release|Any CPU
		{28A17FE0-880A-443B-AE2C-140133E1EF29}.Release|Any CPU.Build.0 = Release|Any CPU
		{28A17FE0-880A-443B-AE2C-140133E1EF29}.Release|x64.ActiveCfg = Release|Any CPU
		{28A17FE0-880A-443B-AE2C-140133E1EF29}.Release|x64.Build.0 = Release|Any CPU
		{28A17FE0-880A-443B-AE2C-140133E1EF29}.Release|x86.ActiveCfg = Release|Any CPU
		{28A17FE0-880A-443B-AE2C-140133E1EF29}.Release|x86.Build.0 = Release|Any CPU
		{C9A51254-49C6-4AED-B60D-8AD28F3B09FD}.Debug|Any CPU.ActiveCfg = Debug|Any CPU
		{C9A51254-49C6-4AED-B60D-8AD28F3B09FD}.Debug|Any CPU.Build.0 = Debug|Any CPU
		{C9A51254-49C6-4AED-B60D-8AD28F3B09FD}.Debug|x64.ActiveCfg = Debug|Any CPU
		{C9A51254-49C6-4AED-B60D-8AD28F3B09FD}.Debug|x64.Build.0 = Debug|Any CPU
		{C9A51254-49C6-4AED-B60D-8AD28F3B09FD}.Debug|x86.ActiveCfg = Debug|Any CPU
		{C9A51254-49C6-4AED-B60D-8AD28F3B09FD}.Debug|x86.Build.0 = Debug|Any CPU
		{C9A51254-49C6-4AED-B60D-8AD28F3B09FD}.Release|Any CPU.ActiveCfg = Release|Any CPU
		{C9A51254-49C6-4AED-B60D-8AD28F3B09FD}.Release|Any CPU.Build.0 = Release|Any CPU
		{C9A51254-49C6-4AED-B60D-8AD28F3B09FD}.Release|x64.ActiveCfg = Release|Any CPU
		{C9A51254-49C6-4AED-B60D-8AD28F3B09FD}.Release|x64.Build.0 = Release|Any CPU
		{C9A51254-49C6-4AED-B60D-8AD28F3B09FD}.Release|x86.ActiveCfg = Release|Any CPU
		{C9A51254-49C6-4AED-B60D-8AD28F3B09FD}.Release|x86.Build.0 = Release|Any CPU
		{8CB999D6-F723-4B21-AF49-1142A0FDF40A}.Debug|Any CPU.ActiveCfg = Debug|Any CPU
		{8CB999D6-F723-4B21-AF49-1142A0FDF40A}.Debug|Any CPU.Build.0 = Debug|Any CPU
		{8CB999D6-F723-4B21-AF49-1142A0FDF40A}.Debug|x64.ActiveCfg = Debug|Any CPU
		{8CB999D6-F723-4B21-AF49-1142A0FDF40A}.Debug|x64.Build.0 = Debug|Any CPU
		{8CB999D6-F723-4B21-AF49-1142A0FDF40A}.Debug|x86.ActiveCfg = Debug|Any CPU
		{8CB999D6-F723-4B21-AF49-1142A0FDF40A}.Debug|x86.Build.0 = Debug|Any CPU
		{8CB999D6-F723-4B21-AF49-1142A0FDF40A}.Release|Any CPU.ActiveCfg = Release|Any CPU
		{8CB999D6-F723-4B21-AF49-1142A0FDF40A}.Release|Any CPU.Build.0 = Release|Any CPU
		{8CB999D6-F723-4B21-AF49-1142A0FDF40A}.Release|x64.ActiveCfg = Release|Any CPU
		{8CB999D6-F723-4B21-AF49-1142A0FDF40A}.Release|x64.Build.0 = Release|Any CPU
		{8CB999D6-F723-4B21-AF49-1142A0FDF40A}.Release|x86.ActiveCfg = Release|Any CPU
		{8CB999D6-F723-4B21-AF49-1142A0FDF40A}.Release|x86.Build.0 = Release|Any CPU
	EndGlobalSection
	GlobalSection(SolutionProperties) = preSolution
		HideSolutionNode = FALSE
	EndGlobalSection
	GlobalSection(NestedProjects) = preSolution
		{3422C9FB-0B42-4E38-ABE2-F0CAD6B299A5} = {926DE9FD-2C39-4E20-9C53-DF0E3FF1B9F4}
		{D96BC439-B71D-4A91-80E8-1F966FBE2A6E} = {926DE9FD-2C39-4E20-9C53-DF0E3FF1B9F4}
		{49C36E3C-377C-4FB4-9D53-E92B93F96B1D} = {926DE9FD-2C39-4E20-9C53-DF0E3FF1B9F4}
		{E21507F9-A3DF-4209-B736-DA670E7CF4A1} = {ACD63D41-282C-477D-AF1D-DB063938EC62}
		{2FC68587-C622-439F-9E3C-AE8ADF9DC997} = {ACD63D41-282C-477D-AF1D-DB063938EC62}
		{8CEAD4E1-17CB-459A-9FFD-F0D9F8013573} = {ACD63D41-282C-477D-AF1D-DB063938EC62}
		{ACD63D41-282C-477D-AF1D-DB063938EC62} = {926DE9FD-2C39-4E20-9C53-DF0E3FF1B9F4}
		{BC89103C-DEF6-429C-9B02-06132C058FF3} = {C5F3D4DA-BB97-4DC8-BF45-7EF44CB507BD}
		{28A17FE0-880A-443B-AE2C-140133E1EF29} = {BC89103C-DEF6-429C-9B02-06132C058FF3}
		{C9A51254-49C6-4AED-B60D-8AD28F3B09FD} = {926DE9FD-2C39-4E20-9C53-DF0E3FF1B9F4}
		{8CB999D6-F723-4B21-AF49-1142A0FDF40A} = {926DE9FD-2C39-4E20-9C53-DF0E3FF1B9F4}
	EndGlobalSection
EndGlobal
